
Microsoft Visual Studio Solution File, Format Version 12.00
# Visual Studio Version 17
VisualStudioVersion = 17.1.32407.343
MinimumVisualStudioVersion = 10.0.40219.1
Project("{9A19103F-16F7-4668-BE54-9A1E7A4F7556}") = "WebServer", "WebServer\WebServer.csproj", "{41A24C12-CBF9-4CC9-BB5F-F0152B023B4E}"
EndProject
Project("{9A19103F-16F7-4668-BE54-9A1E7A4F7556}") = "PsixLibrary", "PsixLibrary\PsixLibrary.csproj", "{0B82BBF4-3432-4520-9A0E-85939C5A3016}"
EndProject
Project("{FAE04EC0-301F-11D3-BF4B-00C04F79EFBC}") = "ExcelLibrary", "ExcelLibrary\ExcelLibrary.csproj", "{997C0E6A-A8F7-467B-BE43-F00FEFEF18EE}"
EndProject
Global
	GlobalSection(SolutionConfigurationPlatforms) = preSolution
		Debug|Any CPU = Debug|Any CPU
		Release|Any CPU = Release|Any CPU
	EndGlobalSection
	GlobalSection(ProjectConfigurationPlatforms) = postSolution
		{41A24C12-CBF9-4CC9-BB5F-F0152B023B4E}.Debug|Any CPU.ActiveCfg = Debug|Any CPU
		{41A24C12-CBF9-4CC9-BB5F-F0152B023B4E}.Debug|Any CPU.Build.0 = Debug|Any CPU
		{41A24C12-CBF9-4CC9-BB5F-F0152B023B4E}.Release|Any CPU.ActiveCfg = Release|Any CPU
		{41A24C12-CBF9-4CC9-BB5F-F0152B023B4E}.Release|Any CPU.Build.0 = Release|Any CPU
		{0B82BBF4-3432-4520-9A0E-85939C5A3016}.Debug|Any CPU.ActiveCfg = Debug|Any CPU
		{0B82BBF4-3432-4520-9A0E-85939C5A3016}.Debug|Any CPU.Build.0 = Debug|Any CPU
		{0B82BBF4-3432-4520-9A0E-85939C5A3016}.Release|Any CPU.ActiveCfg = Release|Any CPU
		{0B82BBF4-3432-4520-9A0E-85939C5A3016}.Release|Any CPU.Build.0 = Release|Any CPU
		{997C0E6A-A8F7-467B-BE43-F00FEFEF18EE}.Debug|Any CPU.ActiveCfg = Debug|Any CPU
		{997C0E6A-A8F7-467B-BE43-F00FEFEF18EE}.Debug|Any CPU.Build.0 = Debug|Any CPU
		{997C0E6A-A8F7-467B-BE43-F00FEFEF18EE}.Release|Any CPU.ActiveCfg = Release|Any CPU
		{997C0E6A-A8F7-467B-BE43-F00FEFEF18EE}.Release|Any CPU.Build.0 = Release|Any CPU
	EndGlobalSection
	GlobalSection(SolutionProperties) = preSolution
		HideSolutionNode = FALSE
	EndGlobalSection
	GlobalSection(ExtensibilityGlobals) = postSolution
		SolutionGuid = {6A089E19-CE29-42C0-AD5E-E138401F8DB4}
	EndGlobalSection
EndGlobal
